
Microsoft Visual Studio Solution File, Format Version 12.00
# Visual Studio 15
VisualStudioVersion = 15.0.28010.2041
MinimumVisualStudioVersion = 10.0.40219.1
Project("{8BC9CEB8-8B4A-11D0-8D11-00A0C91BC942}") = "schedulers", "schedulers\schedulers.vcxproj", "{E36E6A50-5B8D-41D4-BFCA-BBC23B2704AF}"
EndProject
Global
	GlobalSection(SolutionConfigurationPlatforms) = preSolution
		Debug|x64 = Debug|x64
		Debug|x86 = Debug|x86
		Release|x64 = Release|x64
		Release|x86 = Release|x86
	EndGlobalSection
	GlobalSection(ProjectConfigurationPlatforms) = postSolution
		{E36E6A50-5B8D-41D4-BFCA-BBC23B2704AF}.Debug|x64.ActiveCfg = Debug|x64
		{E36E6A50-5B8D-41D4-BFCA-BBC23B2704AF}.Debug|x64.Build.0 = Debug|x64
		{E36E6A50-5B8D-41D4-BFCA-BBC23B2704AF}.Debug|x86.ActiveCfg = Debug|Win32
		{E36E6A50-5B8D-41D4-BFCA-BBC23B2704AF}.Debug|x86.Build.0 = Debug|Win32
		{E36E6A50-5B8D-41D4-BFCA-BBC23B2704AF}.Release|x64.ActiveCfg = Release|x64
		{E36E6A50-5B8D-41D4-BFCA-BBC23B2704AF}.Release|x64.Build.0 = Release|x64
		{E36E6A50-5B8D-41D4-BFCA-BBC23B2704AF}.Release|x86.ActiveCfg = Release|Win32
		{E36E6A50-5B8D-41D4-BFCA-BBC23B2704AF}.Release|x86.Build.0 = Release|Win32
	EndGlobalSection
	GlobalSection(SolutionProperties) = preSolution
		HideSolutionNode = FALSE
	EndGlobalSection
	GlobalSection(ExtensibilityGlobals) = postSolution
		SolutionGuid = {4B5CADD4-7E42-40BF-BEF6-83D9A15D1EE6}
	EndGlobalSection
EndGlobal
